
Microsoft Visual Studio Solution File, Format Version 12.00
# Visual Studio Version 17
VisualStudioVersion = 17.14.36221.1 d17.14
MinimumVisualStudioVersion = 10.0.40219.1
Project("{FAE04EC0-301F-11D3-BF4B-00C04F79EFBC}") = "AssignC#Advanc01", "AssignC#Advanc01\AssignC#Advanc01.csproj", "{A592FFF6-4DAC-4962-BE55-7CD69440D5A5}"
EndProject
Global
	GlobalSection(SolutionConfigurationPlatforms) = preSolution
		Debug|Any CPU = Debug|Any CPU
		Release|Any CPU = Release|Any CPU
	EndGlobalSection
	GlobalSection(ProjectConfigurationPlatforms) = postSolution
		{A592FFF6-4DAC-4962-BE55-7CD69440D5A5}.Debug|Any CPU.ActiveCfg = Debug|Any CPU
		{A592FFF6-4DAC-4962-BE55-7CD69440D5A5}.Debug|Any CPU.Build.0 = Debug|Any CPU
		{A592FFF6-4DAC-4962-BE55-7CD69440D5A5}.Release|Any CPU.ActiveCfg = Release|Any CPU
		{A592FFF6-4DAC-4962-BE55-7CD69440D5A5}.Release|Any CPU.Build.0 = Release|Any CPU
	EndGlobalSection
	GlobalSection(SolutionProperties) = preSolution
		HideSolutionNode = FALSE
	EndGlobalSection
	GlobalSection(ExtensibilityGlobals) = postSolution
		SolutionGuid = {5A4722A8-1C83-4782-B45B-0E0281774CBF}
	EndGlobalSection
EndGlobal
